
Microsoft Visual Studio Solution File, Format Version 12.00
# Visual Studio Version 17
VisualStudioVersion = 17.3.32922.545
MinimumVisualStudioVersion = 10.0.40219.1
Project("{9A19103F-16F7-4668-BE54-9A1E7A4F7556}") = "TaiyouBigScreen", "TaiyouBigScreen.csproj", "{A6E9BC8F-9F39-4BDF-B37D-A1A97A656BEF}"
EndProject
Project("{FAE04EC0-301F-11D3-BF4B-00C04F79EFBC}") = "UIAppletAPI", "UIAppletAPI\UIAppletAPI.csproj", "{DCE6A87F-0119-420C-A42A-991E8F965059}"
EndProject
Global
	GlobalSection(SolutionConfigurationPlatforms) = preSolution
		Debug|Any CPU = Debug|Any CPU
		ExportDebug|Any CPU = ExportDebug|Any CPU
		ExportRelease|Any CPU = ExportRelease|Any CPU
		Release|Any CPU = Release|Any CPU
	EndGlobalSection
	GlobalSection(ProjectConfigurationPlatforms) = postSolution
		{A6E9BC8F-9F39-4BDF-B37D-A1A97A656BEF}.Debug|Any CPU.ActiveCfg = Debug|Any CPU
		{A6E9BC8F-9F39-4BDF-B37D-A1A97A656BEF}.Debug|Any CPU.Build.0 = Debug|Any CPU
		{A6E9BC8F-9F39-4BDF-B37D-A1A97A656BEF}.ExportDebug|Any CPU.ActiveCfg = ExportDebug|Any CPU
		{A6E9BC8F-9F39-4BDF-B37D-A1A97A656BEF}.ExportDebug|Any CPU.Build.0 = ExportDebug|Any CPU
		{A6E9BC8F-9F39-4BDF-B37D-A1A97A656BEF}.ExportRelease|Any CPU.ActiveCfg = ExportRelease|Any CPU
		{A6E9BC8F-9F39-4BDF-B37D-A1A97A656BEF}.ExportRelease|Any CPU.Build.0 = ExportRelease|Any CPU
		{A6E9BC8F-9F39-4BDF-B37D-A1A97A656BEF}.Release|Any CPU.ActiveCfg = ExportRelease|Any CPU
		{A6E9BC8F-9F39-4BDF-B37D-A1A97A656BEF}.Release|Any CPU.Build.0 = ExportRelease|Any CPU
		{DCE6A87F-0119-420C-A42A-991E8F965059}.Debug|Any CPU.ActiveCfg = Debug|Any CPU
		{DCE6A87F-0119-420C-A42A-991E8F965059}.Debug|Any CPU.Build.0 = Debug|Any CPU
		{DCE6A87F-0119-420C-A42A-991E8F965059}.ExportDebug|Any CPU.ActiveCfg = Debug|Any CPU
		{DCE6A87F-0119-420C-A42A-991E8F965059}.ExportDebug|Any CPU.Build.0 = Debug|Any CPU
		{DCE6A87F-0119-420C-A42A-991E8F965059}.ExportRelease|Any CPU.ActiveCfg = Release|Any CPU
		{DCE6A87F-0119-420C-A42A-991E8F965059}.ExportRelease|Any CPU.Build.0 = Release|Any CPU
		{DCE6A87F-0119-420C-A42A-991E8F965059}.Release|Any CPU.ActiveCfg = Release|Any CPU
		{DCE6A87F-0119-420C-A42A-991E8F965059}.Release|Any CPU.Build.0 = Release|Any CPU
	EndGlobalSection
	GlobalSection(SolutionProperties) = preSolution
		HideSolutionNode = FALSE
	EndGlobalSection
	GlobalSection(ExtensibilityGlobals) = postSolution
		SolutionGuid = {5B9F6A1A-9595-4FF7-AED6-4F22D6D6080B}
	EndGlobalSection
EndGlobal
